
Microsoft Visual Studio Solution File, Format Version 12.00
# Visual Studio 15
VisualStudioVersion = 15.0.27703.2047
MinimumVisualStudioVersion = 10.0.40219.1
Project("{FAE04EC0-301F-11D3-BF4B-00C04F79EFBC}") = "Arrays", "Arrays\Arrays.csproj", "{5342CE03-B8D7-48BF-9A9E-FB5FFD1BADE3}"
EndProject
Project("{FAE04EC0-301F-11D3-BF4B-00C04F79EFBC}") = "Arrays continued", "Arrays continued\Arrays continued.csproj", "{C35030EF-FBAD-4AE4-9083-3D3C0CA029F8}"
EndProject
Global
	GlobalSection(SolutionConfigurationPlatforms) = preSolution
		Debug|Any CPU = Debug|Any CPU
		Release|Any CPU = Release|Any CPU
	EndGlobalSection
	GlobalSection(ProjectConfigurationPlatforms) = postSolution
		{5342CE03-B8D7-48BF-9A9E-FB5FFD1BADE3}.Debug|Any CPU.ActiveCfg = Debug|Any CPU
		{5342CE03-B8D7-48BF-9A9E-FB5FFD1BADE3}.Debug|Any CPU.Build.0 = Debug|Any CPU
		{5342CE03-B8D7-48BF-9A9E-FB5FFD1BADE3}.Release|Any CPU.ActiveCfg = Release|Any CPU
		{5342CE03-B8D7-48BF-9A9E-FB5FFD1BADE3}.Release|Any CPU.Build.0 = Release|Any CPU
		{C35030EF-FBAD-4AE4-9083-3D3C0CA029F8}.Debug|Any CPU.ActiveCfg = Debug|Any CPU
		{C35030EF-FBAD-4AE4-9083-3D3C0CA029F8}.Debug|Any CPU.Build.0 = Debug|Any CPU
		{C35030EF-FBAD-4AE4-9083-3D3C0CA029F8}.Release|Any CPU.ActiveCfg = Release|Any CPU
		{C35030EF-FBAD-4AE4-9083-3D3C0CA029F8}.Release|Any CPU.Build.0 = Release|Any CPU
	EndGlobalSection
	GlobalSection(SolutionProperties) = preSolution
		HideSolutionNode = FALSE
	EndGlobalSection
	GlobalSection(ExtensibilityGlobals) = postSolution
		SolutionGuid = {00D0B6FE-76C2-4B86-BC96-11B3135800F5}
	EndGlobalSection
EndGlobal
